FORGE
  remote: https://forgeapi.puppetlabs.com
  specs:
    puppetlabs/concat (1.1.0)
      puppetlabs/stdlib (>= 4.0.0)
    puppetlabs/inifile (1.1.3)
    puppetlabs/stdlib (4.3.2)
    puppetlabs/vcsrepo (1.1.0)

DEPENDENCIES
  puppetlabs/concat (>= 0)
  puppetlabs/inifile (>= 0)
  puppetlabs/stdlib (>= 0)
  puppetlabs/vcsrepo (>= 0)

